
Microsoft Visual Studio Solution File, Format Version 12.00
# Visual Studio Version 17
VisualStudioVersion = 17.9.34902.65
MinimumVisualStudioVersion = 10.0.40219.1
Project("{8BC9CEB8-8B4A-11D0-8D11-00A0C91BC942}") = "CppLearningMaterial", "CppLearningMaterial.vcxproj", "{67FDE5BD-C647-4F6A-807D-0861B1F0CE1E}"
EndProject
Global
	GlobalSection(SolutionConfigurationPlatforms) = preSolution
		Debug|x64 = Debug|x64
		Debug|x86 = Debug|x86
		Release|x64 = Release|x64
		Release|x86 = Release|x86
	EndGlobalSection
	GlobalSection(ProjectConfigurationPlatforms) = postSolution
		{67FDE5BD-C647-4F6A-807D-0861B1F0CE1E}.Debug|x64.ActiveCfg = Debug|x64
		{67FDE5BD-C647-4F6A-807D-0861B1F0CE1E}.Debug|x64.Build.0 = Debug|x64
		{67FDE5BD-C647-4F6A-807D-0861B1F0CE1E}.Debug|x86.ActiveCfg = Debug|Win32
		{67FDE5BD-C647-4F6A-807D-0861B1F0CE1E}.Debug|x86.Build.0 = Debug|Win32
		{67FDE5BD-C647-4F6A-807D-0861B1F0CE1E}.Release|x64.ActiveCfg = Release|x64
		{67FDE5BD-C647-4F6A-807D-0861B1F0CE1E}.Release|x64.Build.0 = Release|x64
		{67FDE5BD-C647-4F6A-807D-0861B1F0CE1E}.Release|x86.ActiveCfg = Release|Win32
		{67FDE5BD-C647-4F6A-807D-0861B1F0CE1E}.Release|x86.Build.0 = Release|Win32
	EndGlobalSection
	GlobalSection(SolutionProperties) = preSolution
		HideSolutionNode = FALSE
	EndGlobalSection
	GlobalSection(ExtensibilityGlobals) = postSolution
		SolutionGuid = {858DE49A-80FE-4322-9A27-134F94A59F58}
	EndGlobalSection
EndGlobal
